
Microsoft Visual Studio Solution File, Format Version 12.00
# Visual Studio 15
VisualStudioVersion = 15.0.25807.0
MinimumVisualStudioVersion = 10.0.40219.1
Project("{2150E333-8FDC-42A3-9474-1A3956D46DE8}") = "Engine", "Engine", "{514A5594-6D19-4ADE-B4E9-3CC219AD0D94}"
EndProject
Project("{2150E333-8FDC-42A3-9474-1A3956D46DE8}") = "Enterprise", "Enterprise", "{4EF3DDD8-EE0B-4C45-8062-FD594E2E53F2}"
EndProject
Project("{2150E333-8FDC-42A3-9474-1A3956D46DE8}") = "Games", "Games", "{05138E83-F791-433D-B896-8162A7BFDBB8}"
EndProject
Project("{8BC9CEB8-8B4A-11D0-8D11-00A0C91BC942}") = "UE4", "Intermediate\ProjectFiles\UE4.vcxproj", "{0C45C528-F852-4635-8C0A-C570626297E5}"
EndProject
Project("{8BC9CEB8-8B4A-11D0-8D11-00A0C91BC942}") = "Studio", "Intermediate\ProjectFiles\Studio.vcxproj", "{A807A67F-9815-48C9-8E20-64F96A227603}"
EndProject
Project("{8BC9CEB8-8B4A-11D0-8D11-00A0C91BC942}") = "BuildingEscape", "Intermediate\ProjectFiles\BuildingEscape.vcxproj", "{BFE91930-A4D3-4888-B9CF-CAAAEE264A97}"
EndProject
Project("{2150E333-8FDC-42A3-9474-1A3956D46DE8}") = "Visualizers", "Visualizers", "{ED9F2845-C11D-4590-96C6-A47B13107EFA}"
	ProjectSection(SolutionItems) = preProject
		..\..\..\Program Files\Epic Games\UE_4.21\Engine\Extras\VisualStudioDebugging\UE4.natvis = ..\..\..\Program Files\Epic Games\UE_4.21\Engine\Extras\VisualStudioDebugging\UE4.natvis
	EndProjectSection
EndProject
Global
	GlobalSection(SolutionConfigurationPlatforms) = preSolution
		DebugGame Editor|HTML5 = DebugGame Editor|HTML5
		DebugGame Editor|Win32 = DebugGame Editor|Win32
		DebugGame Editor|Win64 = DebugGame Editor|Win64
		DebugGame|HTML5 = DebugGame|HTML5
		DebugGame|Win32 = DebugGame|Win32
		DebugGame|Win64 = DebugGame|Win64
		Development Editor|HTML5 = Development Editor|HTML5
		Development Editor|Win32 = Development Editor|Win32
		Development Editor|Win64 = Development Editor|Win64
		Development|HTML5 = Development|HTML5
		Development|Win32 = Development|Win32
		Development|Win64 = Development|Win64
		Shipping|HTML5 = Shipping|HTML5
		Shipping|Win32 = Shipping|Win32
		Shipping|Win64 = Shipping|Win64
	EndGlobalSection
	GlobalSection(ProjectConfigurationPlatforms) = postSolution
		{0C45C528-F852-4635-8C0A-C570626297E5}.DebugGame Editor|HTML5.ActiveCfg = BuiltWithUnrealBuildTool|Win32
		{0C45C528-F852-4635-8C0A-C570626297E5}.DebugGame Editor|Win32.ActiveCfg = BuiltWithUnrealBuildTool|Win32
		{0C45C528-F852-4635-8C0A-C570626297E5}.DebugGame Editor|Win64.ActiveCfg = BuiltWithUnrealBuildTool|Win32
		{0C45C528-F852-4635-8C0A-C570626297E5}.DebugGame|HTML5.ActiveCfg = BuiltWithUnrealBuildTool|Win32
		{0C45C528-F852-4635-8C0A-C570626297E5}.DebugGame|Win32.ActiveCfg = BuiltWithUnrealBuildTool|Win32
		{0C45C528-F852-4635-8C0A-C570626297E5}.DebugGame|Win64.ActiveCfg = BuiltWithUnrealBuildTool|Win32
		{0C45C528-F852-4635-8C0A-C570626297E5}.Development Editor|HTML5.ActiveCfg = BuiltWithUnrealBuildTool|Win32
		{0C45C528-F852-4635-8C0A-C570626297E5}.Development Editor|Win32.ActiveCfg = BuiltWithUnrealBuildTool|Win32
		{0C45C528-F852-4635-8C0A-C570626297E5}.Development Editor|Win64.ActiveCfg = BuiltWithUnrealBuildTool|Win32
		{0C45C528-F852-4635-8C0A-C570626297E5}.Development|HTML5.ActiveCfg = BuiltWithUnrealBuildTool|Win32
		{0C45C528-F852-4635-8C0A-C570626297E5}.Development|Win32.ActiveCfg = BuiltWithUnrealBuildTool|Win32
		{0C45C528-F852-4635-8C0A-C570626297E5}.Development|Win64.ActiveCfg = BuiltWithUnrealBuildTool|Win32
		{0C45C528-F852-4635-8C0A-C570626297E5}.Shipping|HTML5.ActiveCfg = BuiltWithUnrealBuildTool|Win32
		{0C45C528-F852-4635-8C0A-C570626297E5}.Shipping|Win32.ActiveCfg = BuiltWithUnrealBuildTool|Win32
		{0C45C528-F852-4635-8C0A-C570626297E5}.Shipping|Win64.ActiveCfg = BuiltWithUnrealBuildTool|Win32
		{A807A67F-9815-48C9-8E20-64F96A227603}.DebugGame Editor|HTML5.ActiveCfg = BuiltWithUnrealBuildTool|Win32
		{A807A67F-9815-48C9-8E20-64F96A227603}.DebugGame Editor|Win32.ActiveCfg = BuiltWithUnrealBuildTool|Win32
		{A807A67F-9815-48C9-8E20-64F96A227603}.DebugGame Editor|Win64.ActiveCfg = BuiltWithUnrealBuildTool|Win32
		{A807A67F-9815-48C9-8E20-64F96A227603}.DebugGame|HTML5.ActiveCfg = BuiltWithUnrealBuildTool|Win32
		{A807A67F-9815-48C9-8E20-64F96A227603}.DebugGame|Win32.ActiveCfg = BuiltWithUnrealBuildTool|Win32
		{A807A67F-9815-48C9-8E20-64F96A227603}.DebugGame|Win64.ActiveCfg = BuiltWithUnrealBuildTool|Win32
		{A807A67F-9815-48C9-8E20-64F96A227603}.Development Editor|HTML5.ActiveCfg = BuiltWithUnrealBuildTool|Win32
		{A807A67F-9815-48C9-8E20-64F96A227603}.Development Editor|Win32.ActiveCfg = BuiltWithUnrealBuildTool|Win32
		{A807A67F-9815-48C9-8E20-64F96A227603}.Development Editor|Win64.ActiveCfg = BuiltWithUnrealBuildTool|Win32
		{A807A67F-9815-48C9-8E20-64F96A227603}.Development|HTML5.ActiveCfg = BuiltWithUnrealBuildTool|Win32
		{A807A67F-9815-48C9-8E20-64F96A227603}.Development|Win32.ActiveCfg = BuiltWithUnrealBuildTool|Win32
		{A807A67F-9815-48C9-8E20-64F96A227603}.Development|Win64.ActiveCfg = BuiltWithUnrealBuildTool|Win32
		{A807A67F-9815-48C9-8E20-64F96A227603}.Shipping|HTML5.ActiveCfg = BuiltWithUnrealBuildTool|Win32
		{A807A67F-9815-48C9-8E20-64F96A227603}.Shipping|Win32.ActiveCfg = BuiltWithUnrealBuildTool|Win32
		{A807A67F-9815-48C9-8E20-64F96A227603}.Shipping|Win64.ActiveCfg = BuiltWithUnrealBuildTool|Win32
		{BFE91930-A4D3-4888-B9CF-CAAAEE264A97}.DebugGame Editor|HTML5.ActiveCfg = Invalid|Win32
		{BFE91930-A4D3-4888-B9CF-CAAAEE264A97}.DebugGame Editor|Win32.ActiveCfg = Invalid|Win32
		{BFE91930-A4D3-4888-B9CF-CAAAEE264A97}.DebugGame Editor|Win64.ActiveCfg = DebugGame_Editor|x64
		{BFE91930-A4D3-4888-B9CF-CAAAEE264A97}.DebugGame Editor|Win64.Build.0 = DebugGame_Editor|x64
		{BFE91930-A4D3-4888-B9CF-CAAAEE264A97}.DebugGame|HTML5.ActiveCfg = HTML5_DebugGame|Win32
		{BFE91930-A4D3-4888-B9CF-CAAAEE264A97}.DebugGame|HTML5.Build.0 = HTML5_DebugGame|Win32
		{BFE91930-A4D3-4888-B9CF-CAAAEE264A97}.DebugGame|Win32.ActiveCfg = DebugGame|Win32
		{BFE91930-A4D3-4888-B9CF-CAAAEE264A97}.DebugGame|Win32.Build.0 = DebugGame|Win32
		{BFE91930-A4D3-4888-B9CF-CAAAEE264A97}.DebugGame|Win64.ActiveCfg = DebugGame|x64
		{BFE91930-A4D3-4888-B9CF-CAAAEE264A97}.DebugGame|Win64.Build.0 = DebugGame|x64
		{BFE91930-A4D3-4888-B9CF-CAAAEE264A97}.Development Editor|HTML5.ActiveCfg = Invalid|Win32
		{BFE91930-A4D3-4888-B9CF-CAAAEE264A97}.Development Editor|Win32.ActiveCfg = Invalid|Win32
		{BFE91930-A4D3-4888-B9CF-CAAAEE264A97}.Development Editor|Win64.ActiveCfg = Development_Editor|x64
		{BFE91930-A4D3-4888-B9CF-CAAAEE264A97}.Development Editor|Win64.Build.0 = Development_Editor|x64
		{BFE91930-A4D3-4888-B9CF-CAAAEE264A97}.Development|HTML5.ActiveCfg = HTML5_Development|Win32
		{BFE91930-A4D3-4888-B9CF-CAAAEE264A97}.Development|HTML5.Build.0 = HTML5_Development|Win32
		{BFE91930-A4D3-4888-B9CF-CAAAEE264A97}.Development|Win32.ActiveCfg = Development|Win32
		{BFE91930-A4D3-4888-B9CF-CAAAEE264A97}.Development|Win32.Build.0 = Development|Win32
		{BFE91930-A4D3-4888-B9CF-CAAAEE264A97}.Development|Win64.ActiveCfg = Development|x64
		{BFE91930-A4D3-4888-B9CF-CAAAEE264A97}.Development|Win64.Build.0 = Development|x64
		{BFE91930-A4D3-4888-B9CF-CAAAEE264A97}.Shipping|HTML5.ActiveCfg = HTML5_Shipping|Win32
		{BFE91930-A4D3-4888-B9CF-CAAAEE264A97}.Shipping|HTML5.Build.0 = HTML5_Shipping|Win32
		{BFE91930-A4D3-4888-B9CF-CAAAEE264A97}.Shipping|Win32.ActiveCfg = Shipping|Win32
		{BFE91930-A4D3-4888-B9CF-CAAAEE264A97}.Shipping|Win32.Build.0 = Shipping|Win32
		{BFE91930-A4D3-4888-B9CF-CAAAEE264A97}.Shipping|Win64.ActiveCfg = Shipping|x64
		{BFE91930-A4D3-4888-B9CF-CAAAEE264A97}.Shipping|Win64.Build.0 = Shipping|x64
	EndGlobalSection
	GlobalSection(SolutionProperties) = preSolution
		HideSolutionNode = FALSE
	EndGlobalSection
	GlobalSection(NestedProjects) = preSolution
		{0C45C528-F852-4635-8C0A-C570626297E5} = {514A5594-6D19-4ADE-B4E9-3CC219AD0D94}
		{A807A67F-9815-48C9-8E20-64F96A227603} = {4EF3DDD8-EE0B-4C45-8062-FD594E2E53F2}
		{BFE91930-A4D3-4888-B9CF-CAAAEE264A97} = {05138E83-F791-433D-B896-8162A7BFDBB8}
	EndGlobalSection
EndGlobal
